
Microsoft Visual Studio Solution File, Format Version 12.00
# Visual Studio Version 17
VisualStudioVersion = 17.5.33530.505
MinimumVisualStudioVersion = 10.0.40219.1
Project("{FAE04EC0-301F-11D3-BF4B-00C04F79EFBC}") = "ApiStudent", "ApiStudent\ApiStudent.csproj", "{F9904674-3B72-436D-B7DA-6C784C243C57}"
EndProject
Global
	GlobalSection(SolutionConfigurationPlatforms) = preSolution
		Debug|Any CPU = Debug|Any CPU
		Release|Any CPU = Release|Any CPU
	EndGlobalSection
	GlobalSection(ProjectConfigurationPlatforms) = postSolution
		{F9904674-3B72-436D-B7DA-6C784C243C57}.Debug|Any CPU.ActiveCfg = Debug|Any CPU
		{F9904674-3B72-436D-B7DA-6C784C243C57}.Debug|Any CPU.Build.0 = Debug|Any CPU
		{F9904674-3B72-436D-B7DA-6C784C243C57}.Release|Any CPU.ActiveCfg = Release|Any CPU
		{F9904674-3B72-436D-B7DA-6C784C243C57}.Release|Any CPU.Build.0 = Release|Any CPU
	EndGlobalSection
	GlobalSection(SolutionProperties) = preSolution
		HideSolutionNode = FALSE
	EndGlobalSection
	GlobalSection(ExtensibilityGlobals) = postSolution
		SolutionGuid = {FD96C41A-1430-4EEE-958F-D5EAC6E7BF5B}
	EndGlobalSection
EndGlobal
